
Microsoft Visual Studio Solution File, Format Version 12.00
# Visual Studio Version 16
VisualStudioVersion = 16.0.28922.388
MinimumVisualStudioVersion = 10.0.40219.1
Project("{FAE04EC0-301F-11D3-BF4B-00C04F79EFBC}") = "exercicio 4 da revisão", "exercicio 4 da revisão\exercicio 4 da revisão.csproj", "{CDDD2234-8763-4928-830D-E3ECC937BF59}"
EndProject
Global
	GlobalSection(SolutionConfigurationPlatforms) = preSolution
		Debug|Any CPU = Debug|Any CPU
		Release|Any CPU = Release|Any CPU
	EndGlobalSection
	GlobalSection(ProjectConfigurationPlatforms) = postSolution
		{CDDD2234-8763-4928-830D-E3ECC937BF59}.Debug|Any CPU.ActiveCfg = Debug|Any CPU
		{CDDD2234-8763-4928-830D-E3ECC937BF59}.Debug|Any CPU.Build.0 = Debug|Any CPU
		{CDDD2234-8763-4928-830D-E3ECC937BF59}.Release|Any CPU.ActiveCfg = Release|Any CPU
		{CDDD2234-8763-4928-830D-E3ECC937BF59}.Release|Any CPU.Build.0 = Release|Any CPU
	EndGlobalSection
	GlobalSection(SolutionProperties) = preSolution
		HideSolutionNode = FALSE
	EndGlobalSection
	GlobalSection(ExtensibilityGlobals) = postSolution
		SolutionGuid = {CCDBBD0F-8071-47A0-BCD5-046C692A6675}
	EndGlobalSection
EndGlobal
