
Microsoft Visual Studio Solution File, Format Version 12.00
# Visual Studio Version 16
VisualStudioVersion = 16.0.28922.388
MinimumVisualStudioVersion = 10.0.40219.1
Project("{FAE04EC0-301F-11D3-BF4B-00C04F79EFBC}") = "exercicio 6 da revisão", "exercicio 6 da revisão\exercicio 6 da revisão.csproj", "{54877AA8-1CCF-4E5E-945C-CBEB403F42FA}"
EndProject
Global
	GlobalSection(SolutionConfigurationPlatforms) = preSolution
		Debug|Any CPU = Debug|Any CPU
		Release|Any CPU = Release|Any CPU
	EndGlobalSection
	GlobalSection(ProjectConfigurationPlatforms) = postSolution
		{54877AA8-1CCF-4E5E-945C-CBEB403F42FA}.Debug|Any CPU.ActiveCfg = Debug|Any CPU
		{54877AA8-1CCF-4E5E-945C-CBEB403F42FA}.Debug|Any CPU.Build.0 = Debug|Any CPU
		{54877AA8-1CCF-4E5E-945C-CBEB403F42FA}.Release|Any CPU.ActiveCfg = Release|Any CPU
		{54877AA8-1CCF-4E5E-945C-CBEB403F42FA}.Release|Any CPU.Build.0 = Release|Any CPU
	EndGlobalSection
	GlobalSection(SolutionProperties) = preSolution
		HideSolutionNode = FALSE
	EndGlobalSection
	GlobalSection(ExtensibilityGlobals) = postSolution
		SolutionGuid = {554F914D-E106-4E40-A926-F88E756F7BD8}
	EndGlobalSection
EndGlobal
